
Microsoft Visual Studio Solution File, Format Version 12.00
# Visual Studio Version 17
VisualStudioVersion = 17.10.35013.160
MinimumVisualStudioVersion = 10.0.40219.1
Project("{FAE04EC0-301F-11D3-BF4B-00C04F79EFBC}") = "Assignment01", "Assignment01\Assignment01.csproj", "{144961CB-8415-4DCB-AE80-69A81F53210D}"
EndProject
Global
	GlobalSection(SolutionConfigurationPlatforms) = preSolution
		Debug|Any CPU = Debug|Any CPU
		Release|Any CPU = Release|Any CPU
	EndGlobalSection
	GlobalSection(ProjectConfigurationPlatforms) = postSolution
		{144961CB-8415-4DCB-AE80-69A81F53210D}.Debug|Any CPU.ActiveCfg = Debug|Any CPU
		{144961CB-8415-4DCB-AE80-69A81F53210D}.Debug|Any CPU.Build.0 = Debug|Any CPU
		{144961CB-8415-4DCB-AE80-69A81F53210D}.Release|Any CPU.ActiveCfg = Release|Any CPU
		{144961CB-8415-4DCB-AE80-69A81F53210D}.Release|Any CPU.Build.0 = Release|Any CPU
	EndGlobalSection
	GlobalSection(SolutionProperties) = preSolution
		HideSolutionNode = FALSE
	EndGlobalSection
	GlobalSection(ExtensibilityGlobals) = postSolution
		SolutionGuid = {623670B1-638E-4D5D-BADA-8601DA4120B3}
	EndGlobalSection
EndGlobal
