
Microsoft Visual Studio Solution File, Format Version 12.00
# Visual Studio Version 17
VisualStudioVersion = 17.10.35027.167
MinimumVisualStudioVersion = 10.0.40219.1
Project("{FAE04EC0-301F-11D3-BF4B-00C04F79EFBC}") = "Project01_CMD", "Project01_CMD\Project01_CMD.csproj", "{91462149-8D06-4C85-A9F9-9371AF18BD09}"
EndProject
Global
	GlobalSection(SolutionConfigurationPlatforms) = preSolution
		Debug|Any CPU = Debug|Any CPU
		Release|Any CPU = Release|Any CPU
	EndGlobalSection
	GlobalSection(ProjectConfigurationPlatforms) = postSolution
		{91462149-8D06-4C85-A9F9-9371AF18BD09}.Debug|Any CPU.ActiveCfg = Debug|Any CPU
		{91462149-8D06-4C85-A9F9-9371AF18BD09}.Debug|Any CPU.Build.0 = Debug|Any CPU
		{91462149-8D06-4C85-A9F9-9371AF18BD09}.Release|Any CPU.ActiveCfg = Release|Any CPU
		{91462149-8D06-4C85-A9F9-9371AF18BD09}.Release|Any CPU.Build.0 = Release|Any CPU
	EndGlobalSection
	GlobalSection(SolutionProperties) = preSolution
		HideSolutionNode = FALSE
	EndGlobalSection
	GlobalSection(ExtensibilityGlobals) = postSolution
		SolutionGuid = {23D581C5-4800-41A7-B8A7-B74DE050EB50}
	EndGlobalSection
EndGlobal
